
Microsoft Visual Studio Solution File, Format Version 12.00
# Visual Studio 2015
Project("{FAE04EC0-301F-11D3-BF4B-00C04F79EFBC}") = "ViveSweeper.CSharp.Plugins", "ViveSweeper.CSharp.Plugins.csproj", "{CDACB266-ED72-ED7C-1461-6C297ABDA801}"
EndProject
Project("{FAE04EC0-301F-11D3-BF4B-00C04F79EFBC}") = "ViveSweeper.CSharp", "ViveSweeper.CSharp.csproj", "{2AC78DC5-0EE4-8E07-4060-1B04AA2BBD98}"
EndProject
Project("{FAE04EC0-301F-11D3-BF4B-00C04F79EFBC}") = "ViveSweeper.CSharp.Editor", "ViveSweeper.CSharp.Editor.csproj", "{70A179C9-16C1-CA05-5E0F-27773C3C2F51}"
EndProject
Global
	GlobalSection(SolutionConfigurationPlatforms) = preSolution
		Debug|Any CPU = Debug|Any CPU
		Release|Any CPU = Release|Any CPU
	EndGlobalSection
	GlobalSection(ProjectConfigurationPlatforms) = postSolution
		{CDACB266-ED72-ED7C-1461-6C297ABDA801}.Debug|Any CPU.ActiveCfg = Debug|Any CPU
		{CDACB266-ED72-ED7C-1461-6C297ABDA801}.Debug|Any CPU.Build.0 = Debug|Any CPU
		{CDACB266-ED72-ED7C-1461-6C297ABDA801}.Release|Any CPU.ActiveCfg = Release|Any CPU
		{CDACB266-ED72-ED7C-1461-6C297ABDA801}.Release|Any CPU.Build.0 = Release|Any CPU
		{2AC78DC5-0EE4-8E07-4060-1B04AA2BBD98}.Debug|Any CPU.ActiveCfg = Debug|Any CPU
		{2AC78DC5-0EE4-8E07-4060-1B04AA2BBD98}.Debug|Any CPU.Build.0 = Debug|Any CPU
		{2AC78DC5-0EE4-8E07-4060-1B04AA2BBD98}.Release|Any CPU.ActiveCfg = Release|Any CPU
		{2AC78DC5-0EE4-8E07-4060-1B04AA2BBD98}.Release|Any CPU.Build.0 = Release|Any CPU
		{70A179C9-16C1-CA05-5E0F-27773C3C2F51}.Debug|Any CPU.ActiveCfg = Debug|Any CPU
		{70A179C9-16C1-CA05-5E0F-27773C3C2F51}.Debug|Any CPU.Build.0 = Debug|Any CPU
		{70A179C9-16C1-CA05-5E0F-27773C3C2F51}.Release|Any CPU.ActiveCfg = Release|Any CPU
		{70A179C9-16C1-CA05-5E0F-27773C3C2F51}.Release|Any CPU.Build.0 = Release|Any CPU
	EndGlobalSection
	GlobalSection(SolutionProperties) = preSolution
		HideSolutionNode = FALSE
	EndGlobalSection
EndGlobal
