Microsoft Visual Studio Solution File, Format Version 11.00
# Visual Studio 2008

Project("{307C0A09-BAD2-A8A6-78E1-7756DD3CFB09}") = "ViveSweeper", "Assembly-CSharp-firstpass.csproj", "{BB67848A-F586-0D4C-F40E-8A03F5425A00}"
EndProject
Project("{307C0A09-BAD2-A8A6-78E1-7756DD3CFB09}") = "ViveSweeper", "Assembly-CSharp.csproj", "{F64BDF39-33F6-387D-9A93-4AF700FF3DB0}"
EndProject
Project("{307C0A09-BAD2-A8A6-78E1-7756DD3CFB09}") = "ViveSweeper", "Assembly-CSharp-Editor.csproj", "{FE3F34AA-F931-EBAC-F370-FA28B5551B71}"
EndProject
Global
	GlobalSection(SolutionConfigurationPlatforms) = preSolution
		Debug|Any CPU = Debug|Any CPU
		Release|Any CPU = Release|Any CPU
	EndGlobalSection
	GlobalSection(ProjectConfigurationPlatforms) = postSolution
		{BB67848A-F586-0D4C-F40E-8A03F5425A00}.Debug|Any CPU.ActiveCfg = Debug|Any CPU
		{BB67848A-F586-0D4C-F40E-8A03F5425A00}.Debug|Any CPU.Build.0 = Debug|Any CPU
		{BB67848A-F586-0D4C-F40E-8A03F5425A00}.Release|Any CPU.ActiveCfg = Release|Any CPU
		{BB67848A-F586-0D4C-F40E-8A03F5425A00}.Release|Any CPU.Build.0 = Release|Any CPU
		{F64BDF39-33F6-387D-9A93-4AF700FF3DB0}.Debug|Any CPU.ActiveCfg = Debug|Any CPU
		{F64BDF39-33F6-387D-9A93-4AF700FF3DB0}.Debug|Any CPU.Build.0 = Debug|Any CPU
		{F64BDF39-33F6-387D-9A93-4AF700FF3DB0}.Release|Any CPU.ActiveCfg = Release|Any CPU
		{F64BDF39-33F6-387D-9A93-4AF700FF3DB0}.Release|Any CPU.Build.0 = Release|Any CPU
		{FE3F34AA-F931-EBAC-F370-FA28B5551B71}.Debug|Any CPU.ActiveCfg = Debug|Any CPU
		{FE3F34AA-F931-EBAC-F370-FA28B5551B71}.Debug|Any CPU.Build.0 = Debug|Any CPU
		{FE3F34AA-F931-EBAC-F370-FA28B5551B71}.Release|Any CPU.ActiveCfg = Release|Any CPU
		{FE3F34AA-F931-EBAC-F370-FA28B5551B71}.Release|Any CPU.Build.0 = Release|Any CPU
	EndGlobalSection
	GlobalSection(SolutionProperties) = preSolution
		HideSolutionNode = FALSE
	EndGlobalSection
	GlobalSection(MonoDevelopProperties) = preSolution
		StartupItem = Assembly-CSharp.csproj
	EndGlobalSection
EndGlobal
